{
    "_meta": {
        "hash": {
            "sha256": "33b051fe5a526f6d8db82af564b19e7fd709a5c0031101596161b3045db48c3b"
        },
        "pipfile-spec": 6,
        "requires": {},
        "sources": [
            {
                "url": "https://keeper:Keeper1SS@devpi.keepertech.com/keeper/prod/+simple/"
            }
        ]
    },
    "default": {
        "kt.appackager": {
            "editable": true,
            "path": "."
        },
        "toml": {
            "hashes": [
                "sha256:806143ae5bfb6a3c6e736a764057db0e6a0e05e338b5630894a5f779cabb4f9b",
                "sha256:b3bda1d108d5dd99f4a20d24d9c348e91c4db7ab1b749200bded2f839ccbe68f"
            ],
            "version": "==0.10.2"
        },
        "wheel": {
            "hashes": [
                "sha256:78b5b185f0e5763c26ca1e324373aadd49182ca90e825f7853f4b2509215dc0e",
                "sha256:e11eefd162658ea59a60a0f6c7d493a7190ea4b9a85e335b33489d9f17e0245e"
            ],
            "version": "==0.36.2"
        }
    },
    "develop": {}
}
